// !$*UTF8*$!
{
	archiveVersion = 1;
	classes = {
	};
	objectVersion = 50;
	objects = {

/* Begin PBXBuildFile section */
		283DB05C20BADECD00A8BC14 /* ConsentKitCell.xib in Resources */ = {isa = PBXBuildFile; fileRef = 283DB05B20BADECD00A8BC14 /* ConsentKitCell.xib */; };
		283DB05E20BC77D200A8BC14 /* ConsentKitCellProtocol.swift in Sources */ = {isa = PBXBuildFile; fileRef = 283DB05D20BC77D200A8BC14 /* ConsentKitCellProtocol.swift */; };
		2845157D20B3528B009F3EE1 /* AppDelegate.swift in Sources */ = {isa = PBXBuildFile; fileRef = 2845157C20B3528B009F3EE1 /* AppDelegate.swift */; };
		2845157F20B3528B009F3EE1 /* ViewController.swift in Sources */ = {isa = PBXBuildFile; fileRef = 2845157E20B3528B009F3EE1 /* ViewController.swift */; };
		2845158220B3528B009F3EE1 /* Main.storyboard in Resources */ = {isa = PBXBuildFile; fileRef = 2845158020B3528B009F3EE1 /* Main.storyboard */; };
		2845158420B3528F009F3EE1 /* Assets.xcassets in Resources */ = {isa = PBXBuildFile; fileRef = 2845158320B3528F009F3EE1 /* Assets.xcassets */; };
		2845158720B3528F009F3EE1 /* LaunchScreen.storyboard in Resources */ = {isa = PBXBuildFile; fileRef = 2845158520B3528F009F3EE1 /* LaunchScreen.storyboard */; };
		2845159320B352F4009F3EE1 /* CloudKitViewControllerHeader.swift in Sources */ = {isa = PBXBuildFile; fileRef = 2845158F20B352F4009F3EE1 /* CloudKitViewControllerHeader.swift */; };
		2845159420B352F4009F3EE1 /* ConsentKitCell.swift in Sources */ = {isa = PBXBuildFile; fileRef = 2845159020B352F4009F3EE1 /* ConsentKitCell.swift */; };
		2845159520B352F4009F3EE1 /* ConsentKit.swift in Sources */ = {isa = PBXBuildFile; fileRef = 2845159120B352F4009F3EE1 /* ConsentKit.swift */; };
		2845159620B352F4009F3EE1 /* ConsentKitViewController.swift in Sources */ = {isa = PBXBuildFile; fileRef = 2845159220B352F4009F3EE1 /* ConsentKitViewController.swift */; };
		2845159820B4BB95009F3EE1 /* SimpleViewController.swift in Sources */ = {isa = PBXBuildFile; fileRef = 2845159720B4BB95009F3EE1 /* SimpleViewController.swift */; };
		2845159A20B4BDBC009F3EE1 /* NavigationViewController.swift in Sources */ = {isa = PBXBuildFile; fileRef = 2845159920B4BDBC009F3EE1 /* NavigationViewController.swift */; };
		2845159C20B5EA1C009F3EE1 /* InMemoryDataSource.swift in Sources */ = {isa = PBXBuildFile; fileRef = 2845159B20B5EA1C009F3EE1 /* InMemoryDataSource.swift */; };
		2845159E20B5EDD6009F3EE1 /* ConsentKitUserDefaultsDataSource.swift in Sources */ = {isa = PBXBuildFile; fileRef = 2845159D20B5EDD6009F3EE1 /* ConsentKitUserDefaultsDataSource.swift */; };
		284515A020B5F738009F3EE1 /* ConsentKitServices.swift in Sources */ = {isa = PBXBuildFile; fileRef = 2845159F20B5F738009F3EE1 /* ConsentKitServices.swift */; };
		5684412C20C5A4DB00D9A471 /* TableViewController.swift in Sources */ = {isa = PBXBuildFile; fileRef = 5684412B20C5A4DB00D9A471 /* TableViewController.swift */; };
		5684413220C6D62E00D9A471 /* ConsentKitTableViewDataSource.swift in Sources */ = {isa = PBXBuildFile; fileRef = 5684413120C6D62E00D9A471 /* ConsentKitTableViewDataSource.swift */; };
/* End PBXBuildFile section */

/* Begin PBXFileReference section */
		283DB05B20BADECD00A8BC14 /* ConsentKitCell.xib */ = {isa = PBXFileReference; lastKnownFileType = file.xib; path = ConsentKitCell.xib; sourceTree = "<group>"; };
		283DB05D20BC77D200A8BC14 /* ConsentKitCellProtocol.swift */ = {isa = PBXFileReference; lastKnownFileType = sourcecode.swift; path = ConsentKitCellProtocol.swift; sourceTree = "<group>"; };
		2845157920B3528B009F3EE1 /* Gdpr.app */ = {isa = PBXFileReference; explicitFileType = wrapper.application; includeInIndex = 0; path = Gdpr.app; sourceTree = BUILT_PRODUCTS_DIR; };
		2845157C20B3528B009F3EE1 /* AppDelegate.swift */ = {isa = PBXFileReference; lastKnownFileType = sourcecode.swift; path = AppDelegate.swift; sourceTree = "<group>"; };
		2845157E20B3528B009F3EE1 /* ViewController.swift */ = {isa = PBXFileReference; lastKnownFileType = sourcecode.swift; path = ViewController.swift; sourceTree = "<group>"; };
		2845158120B3528B009F3EE1 /* Base */ = {isa = PBXFileReference; lastKnownFileType = file.storyboard; name = Base; path = Base.lproj/Main.storyboard; sourceTree = "<group>"; };
		2845158320B3528F009F3EE1 /* Assets.xcassets */ = {isa = PBXFileReference; lastKnownFileType = folder.assetcatalog; path = Assets.xcassets; sourceTree = "<group>"; };
		2845158620B3528F009F3EE1 /* Base */ = {isa = PBXFileReference; lastKnownFileType = file.storyboard; name = Base; path = Base.lproj/LaunchScreen.storyboard; sourceTree = "<group>"; };
		2845158820B3528F009F3EE1 /* Info.plist */ = {isa = PBXFileReference; lastKnownFileType = text.plist.xml; path = Info.plist; sourceTree = "<group>"; };
		2845158F20B352F4009F3EE1 /* CloudKitViewControllerHeader.swift */ = {isa = PBXFileReference; fileEncoding = 4; lastKnownFileType = sourcecode.swift; path = CloudKitViewControllerHeader.swift; sourceTree = "<group>"; };
		2845159020B352F4009F3EE1 /* ConsentKitCell.swift */ = {isa = PBXFileReference; fileEncoding = 4; lastKnownFileType = sourcecode.swift; path = ConsentKitCell.swift; sourceTree = "<group>"; };
		2845159120B352F4009F3EE1 /* ConsentKit.swift */ = {isa = PBXFileReference; fileEncoding = 4; lastKnownFileType = sourcecode.swift; path = ConsentKit.swift; sourceTree = "<group>"; };
		2845159220B352F4009F3EE1 /* ConsentKitViewController.swift */ = {isa = PBXFileReference; fileEncoding = 4; lastKnownFileType = sourcecode.swift; path = ConsentKitViewController.swift; sourceTree = "<group>"; };
		2845159720B4BB95009F3EE1 /* SimpleViewController.swift */ = {isa = PBXFileReference; lastKnownFileType = sourcecode.swift; path = SimpleViewController.swift; sourceTree = "<group>"; };
		2845159920B4BDBC009F3EE1 /* NavigationViewController.swift */ = {isa = PBXFileReference; lastKnownFileType = sourcecode.swift; path = NavigationViewController.swift; sourceTree = "<group>"; };
		2845159B20B5EA1C009F3EE1 /* InMemoryDataSource.swift */ = {isa = PBXFileReference; lastKnownFileType = sourcecode.swift; path = InMemoryDataSource.swift; sourceTree = "<group>"; };
		2845159D20B5EDD6009F3EE1 /* ConsentKitUserDefaultsDataSource.swift */ = {isa = PBXFileReference; lastKnownFileType = sourcecode.swift; path = ConsentKitUserDefaultsDataSource.swift; sourceTree = "<group>"; };
		2845159F20B5F738009F3EE1 /* ConsentKitServices.swift */ = {isa = PBXFileReference; lastKnownFileType = sourcecode.swift; path = ConsentKitServices.swift; sourceTree = "<group>"; };
		5684412B20C5A4DB00D9A471 /* TableViewController.swift */ = {isa = PBXFileReference; lastKnownFileType = sourcecode.swift; path = TableViewController.swift; sourceTree = "<group>"; };
		5684413120C6D62E00D9A471 /* ConsentKitTableViewDataSource.swift */ = {isa = PBXFileReference; lastKnownFileType = sourcecode.swift; path = ConsentKitTableViewDataSource.swift; sourceTree = "<group>"; };
/* End PBXFileReference section */

/* Begin PBXFrameworksBuildPhase section */
		2845157620B3528B009F3EE1 /* Frameworks */ = {
			isa = PBXFrameworksBuildPhase;
			buildActionMask = 2147483647;
			files = (
			);
			runOnlyForDeploymentPostprocessing = 0;
		};
/* End PBXFrameworksBuildPhase section */

/* Begin PBXGroup section */
		2845157020B3528B009F3EE1 = {
			isa = PBXGroup;
			children = (
				2845157B20B3528B009F3EE1 /* Gdpr */,
				2845157A20B3528B009F3EE1 /* Products */,
			);
			sourceTree = "<group>";
		};
		2845157A20B3528B009F3EE1 /* Products */ = {
			isa = PBXGroup;
			children = (
				2845157920B3528B009F3EE1 /* Gdpr.app */,
			);
			name = Products;
			sourceTree = "<group>";
		};
		2845157B20B3528B009F3EE1 /* Gdpr */ = {
			isa = PBXGroup;
			children = (
				2845157C20B3528B009F3EE1 /* AppDelegate.swift */,
				2845157E20B3528B009F3EE1 /* ViewController.swift */,
				2845159720B4BB95009F3EE1 /* SimpleViewController.swift */,
				2845159920B4BDBC009F3EE1 /* NavigationViewController.swift */,
				5684412B20C5A4DB00D9A471 /* TableViewController.swift */,
				2845159B20B5EA1C009F3EE1 /* InMemoryDataSource.swift */,
				2845158020B3528B009F3EE1 /* Main.storyboard */,
				2845158320B3528F009F3EE1 /* Assets.xcassets */,
				2845158520B3528F009F3EE1 /* LaunchScreen.storyboard */,
				2845158820B3528F009F3EE1 /* Info.plist */,
				2845158E20B352F4009F3EE1 /* src */,
			);
			path = Gdpr;
			sourceTree = "<group>";
		};
		2845158E20B352F4009F3EE1 /* src */ = {
			isa = PBXGroup;
			children = (
				2845159120B352F4009F3EE1 /* ConsentKit.swift */,
				2845159F20B5F738009F3EE1 /* ConsentKitServices.swift */,
				2845159D20B5EDD6009F3EE1 /* ConsentKitUserDefaultsDataSource.swift */,
				2845159220B352F4009F3EE1 /* ConsentKitViewController.swift */,
				5684413120C6D62E00D9A471 /* ConsentKitTableViewDataSource.swift */,
				283DB05D20BC77D200A8BC14 /* ConsentKitCellProtocol.swift */,
				2845159020B352F4009F3EE1 /* ConsentKitCell.swift */,
				283DB05B20BADECD00A8BC14 /* ConsentKitCell.xib */,
				2845158F20B352F4009F3EE1 /* CloudKitViewControllerHeader.swift */,
			);
			name = src;
			path = ../../src;
			sourceTree = "<group>";
		};
/* End PBXGroup section */

/* Begin PBXNativeTarget section */
		2845157820B3528B009F3EE1 /* Gdpr */ = {
			isa = PBXNativeTarget;
			buildConfigurationList = 2845158B20B3528F009F3EE1 /* Build configuration list for PBXNativeTarget "Gdpr" */;
			buildPhases = (
				2845157520B3528B009F3EE1 /* Sources */,
				2845157620B3528B009F3EE1 /* Frameworks */,
				2845157720B3528B009F3EE1 /* Resources */,
			);
			buildRules = (
			);
			dependencies = (
			);
			name = Gdpr;
			productName = Gdpr;
			productReference = 2845157920B3528B009F3EE1 /* Gdpr.app */;
			productType = "com.apple.product-type.application";
		};
/* End PBXNativeTarget section */

/* Begin PBXProject section */
		2845157120B3528B009F3EE1 /* Project object */ = {
			isa = PBXProject;
			attributes = {
				LastSwiftUpdateCheck = 0930;
				LastUpgradeCheck = 0930;
				ORGANIZATIONNAME = "Imagin soft";
				TargetAttributes = {
					2845157820B3528B009F3EE1 = {
						CreatedOnToolsVersion = 9.3;
					};
				};
			};
			buildConfigurationList = 2845157420B3528B009F3EE1 /* Build configuration list for PBXProject "Gdpr" */;
			compatibilityVersion = "Xcode 9.3";
			developmentRegion = en;
			hasScannedForEncodings = 0;
			knownRegions = (
				en,
				Base,
			);
			mainGroup = 2845157020B3528B009F3EE1;
			productRefGroup = 2845157A20B3528B009F3EE1 /* Products */;
			projectDirPath = "";
			projectRoot = "";
			targets = (
				2845157820B3528B009F3EE1 /* Gdpr */,
			);
		};
/* End PBXProject section */

/* Begin PBXResourcesBuildPhase section */
		2845157720B3528B009F3EE1 /* Resources */ = {
			isa = PBXResourcesBuildPhase;
			buildActionMask = 2147483647;
			files = (
				2845158720B3528F009F3EE1 /* LaunchScreen.storyboard in Resources */,
				283DB05C20BADECD00A8BC14 /* ConsentKitCell.xib in Resources */,
				2845158420B3528F009F3EE1 /* Assets.xcassets in Resources */,
				2845158220B3528B009F3EE1 /* Main.storyboard in Resources */,
			);
			runOnlyForDeploymentPostprocessing = 0;
		};
/* End PBXResourcesBuildPhase section */

/* Begin PBXSourcesBuildPhase section */
		2845157520B3528B009F3EE1 /* Sources */ = {
			isa = PBXSourcesBuildPhase;
			buildActionMask = 2147483647;
			files = (
				2845159A20B4BDBC009F3EE1 /* NavigationViewController.swift in Sources */,
				2845159E20B5EDD6009F3EE1 /* ConsentKitUserDefaultsDataSource.swift in Sources */,
				5684412C20C5A4DB00D9A471 /* TableViewController.swift in Sources */,
				284515A020B5F738009F3EE1 /* ConsentKitServices.swift in Sources */,
				2845157F20B3528B009F3EE1 /* ViewController.swift in Sources */,
				2845159C20B5EA1C009F3EE1 /* InMemoryDataSource.swift in Sources */,
				2845159420B352F4009F3EE1 /* ConsentKitCell.swift in Sources */,
				2845159620B352F4009F3EE1 /* ConsentKitViewController.swift in Sources */,
				5684413220C6D62E00D9A471 /* ConsentKitTableViewDataSource.swift in Sources */,
				283DB05E20BC77D200A8BC14 /* ConsentKitCellProtocol.swift in Sources */,
				2845157D20B3528B009F3EE1 /* AppDelegate.swift in Sources */,
				2845159320B352F4009F3EE1 /* CloudKitViewControllerHeader.swift in Sources */,
				2845159820B4BB95009F3EE1 /* SimpleViewController.swift in Sources */,
				2845159520B352F4009F3EE1 /* ConsentKit.swift in Sources */,
			);
			runOnlyForDeploymentPostprocessing = 0;
		};
/* End PBXSourcesBuildPhase section */

/* Begin PBXVariantGroup section */
		2845158020B3528B009F3EE1 /* Main.storyboard */ = {
			isa = PBXVariantGroup;
			children = (
				2845158120B3528B009F3EE1 /* Base */,
			);
			name = Main.storyboard;
			sourceTree = "<group>";
		};
		2845158520B3528F009F3EE1 /* LaunchScreen.storyboard */ = {
			isa = PBXVariantGroup;
			children = (
				2845158620B3528F009F3EE1 /* Base */,
			);
			name = LaunchScreen.storyboard;
			sourceTree = "<group>";
		};
/* End PBXVariantGroup section */

/* Begin XCBuildConfiguration section */
		2845158920B3528F009F3EE1 /* Debug */ = {
			isa = XCBuildConfiguration;
			buildSettings = {
				ALWAYS_SEARCH_USER_PATHS = NO;
				CLANG_ANALYZER_NONNULL = YES;
				CLANG_ANALYZER_NUMBER_OBJECT_CONVERSION = YES_AGGRESSIVE;
				CLANG_CXX_LANGUAGE_STANDARD = "gnu++14";
				CLANG_CXX_LIBRARY = "libc++";
				CLANG_ENABLE_MODULES = YES;
				CLANG_ENABLE_OBJC_ARC = YES;
				CLANG_ENABLE_OBJC_WEAK = YES;
				CLANG_WARN_BLOCK_CAPTURE_AUTORELEASING = YES;
				CLANG_WARN_BOOL_CONVERSION = YES;
				CLANG_WARN_COMMA = YES;
				CLANG_WARN_CONSTANT_CONVERSION = YES;
				CLANG_WARN_DEPRECATED_OBJC_IMPLEMENTATIONS = YES;
				CLANG_WARN_DIRECT_OBJC_ISA_USAGE = YES_ERROR;
				CLANG_WARN_DOCUMENTATION_COMMENTS = YES;
				CLANG_WARN_EMPTY_BODY = YES;
				CLANG_WARN_ENUM_CONVERSION = YES;
				CLANG_WARN_INFINITE_RECURSION = YES;
				CLANG_WARN_INT_CONVERSION = YES;
				CLANG_WARN_NON_LITERAL_NULL_CONVERSION = YES;
				CLANG_WARN_OBJC_IMPLICIT_RETAIN_SELF = YES;
				CLANG_WARN_OBJC_LITERAL_CONVERSION = YES;
				CLANG_WARN_OBJC_ROOT_CLASS = YES_ERROR;
				CLANG_WARN_RANGE_LOOP_ANALYSIS = YES;
				CLANG_WARN_STRICT_PROTOTYPES = YES;
				CLANG_WARN_SUSPICIOUS_MOVE = YES;
				CLANG_WARN_UNGUARDED_AVAILABILITY = YES_AGGRESSIVE;
				CLANG_WARN_UNREACHABLE_CODE = YES;
				CLANG_WARN__DUPLICATE_METHOD_MATCH = YES;
				CODE_SIGN_IDENTITY = "iPhone Developer";
				COPY_PHASE_STRIP = NO;
				DEBUG_INFORMATION_FORMAT = dwarf;
				ENABLE_STRICT_OBJC_MSGSEND = YES;
				ENABLE_TESTABILITY = YES;
				GCC_C_LANGUAGE_STANDARD = gnu11;
				GCC_DYNAMIC_NO_PIC = NO;
				GCC_NO_COMMON_BLOCKS = YES;
				GCC_OPTIMIZATION_LEVEL = 0;
				GCC_PREPROCESSOR_DEFINITIONS = (
					"DEBUG=1",
					"$(inherited)",
				);
				GCC_WARN_64_TO_32_BIT_CONVERSION = YES;
				GCC_WARN_ABOUT_RETURN_TYPE = YES_ERROR;
				GCC_WARN_UNDECLARED_SELECTOR = YES;
				GCC_WARN_UNINITIALIZED_AUTOS = YES_AGGRESSIVE;
				GCC_WARN_UNUSED_FUNCTION = YES;
				GCC_WARN_UNUSED_VARIABLE = YES;
				IPHONEOS_DEPLOYMENT_TARGET = 11.3;
				MTL_ENABLE_DEBUG_INFO = YES;
				ONLY_ACTIVE_ARCH = YES;
				SDKROOT = iphoneos;
				SWIFT_ACTIVE_COMPILATION_CONDITIONS = DEBUG;
				SWIFT_OPTIMIZATION_LEVEL = "-Onone";
			};
			name = Debug;
		};
		2845158A20B3528F009F3EE1 /* Release */ = {
			isa = XCBuildConfiguration;
			buildSettings = {
				ALWAYS_SEARCH_USER_PATHS = NO;
				CLANG_ANALYZER_NONNULL = YES;
				CLANG_ANALYZER_NUMBER_OBJECT_CONVERSION = YES_AGGRESSIVE;
				CLANG_CXX_LANGUAGE_STANDARD = "gnu++14";
				CLANG_CXX_LIBRARY = "libc++";
				CLANG_ENABLE_MODULES = YES;
				CLANG_ENABLE_OBJC_ARC = YES;
				CLANG_ENABLE_OBJC_WEAK = YES;
				CLANG_WARN_BLOCK_CAPTURE_AUTORELEASING = YES;
				CLANG_WARN_BOOL_CONVERSION = YES;
				CLANG_WARN_COMMA = YES;
				CLANG_WARN_CONSTANT_CONVERSION = YES;
				CLANG_WARN_DEPRECATED_OBJC_IMPLEMENTATIONS = YES;
				CLANG_WARN_DIRECT_OBJC_ISA_USAGE = YES_ERROR;
				CLANG_WARN_DOCUMENTATION_COMMENTS = YES;
				CLANG_WARN_EMPTY_BODY = YES;
				CLANG_WARN_ENUM_CONVERSION = YES;
				CLANG_WARN_INFINITE_RECURSION = YES;
				CLANG_WARN_INT_CONVERSION = YES;
				CLANG_WARN_NON_LITERAL_NULL_CONVERSION = YES;
				CLANG_WARN_OBJC_IMPLICIT_RETAIN_SELF = YES;
				CLANG_WARN_OBJC_LITERAL_CONVERSION = YES;
				CLANG_WARN_OBJC_ROOT_CLASS = YES_ERROR;
				CLANG_WARN_RANGE_LOOP_ANALYSIS = YES;
				CLANG_WARN_STRICT_PROTOTYPES = YES;
				CLANG_WARN_SUSPICIOUS_MOVE = YES;
				CLANG_WARN_UNGUARDED_AVAILABILITY = YES_AGGRESSIVE;
				CLANG_WARN_UNREACHABLE_CODE = YES;
				CLANG_WARN__DUPLICATE_METHOD_MATCH = YES;
				CODE_SIGN_IDENTITY = "iPhone Developer";
				COPY_PHASE_STRIP = NO;
				DEBUG_INFORMATION_FORMAT = "dwarf-with-dsym";
				ENABLE_NS_ASSERTIONS = NO;
				ENABLE_STRICT_OBJC_MSGSEND = YES;
				GCC_C_LANGUAGE_STANDARD = gnu11;
				GCC_NO_COMMON_BLOCKS = YES;
				GCC_WARN_64_TO_32_BIT_CONVERSION = YES;
				GCC_WARN_ABOUT_RETURN_TYPE = YES_ERROR;
				GCC_WARN_UNDECLARED_SELECTOR = YES;
				GCC_WARN_UNINITIALIZED_AUTOS = YES_AGGRESSIVE;
				GCC_WARN_UNUSED_FUNCTION = YES;
				GCC_WARN_UNUSED_VARIABLE = YES;
				IPHONEOS_DEPLOYMENT_TARGET = 11.3;
				MTL_ENABLE_DEBUG_INFO = NO;
				SDKROOT = iphoneos;
				SWIFT_COMPILATION_MODE = wholemodule;
				SWIFT_OPTIMIZATION_LEVEL = "-O";
				VALIDATE_PRODUCT = YES;
			};
			name = Release;
		};
		2845158C20B3528F009F3EE1 /* Debug */ = {
			isa = XCBuildConfiguration;
			buildSettings = {
				ASSETCATALOG_COMPILER_APPICON_NAME = AppIcon;
				CODE_SIGN_STYLE = Automatic;
				DEVELOPMENT_TEAM = 5NHDC5EV44;
				INFOPLIST_FILE = Gdpr/Info.plist;
				LD_RUNPATH_SEARCH_PATHS = (
					"$(inherited)",
					"@executable_path/Frameworks",
				);
				PRODUCT_BUNDLE_IDENTIFIER = ro.imagin.Gdpr;
				PRODUCT_NAME = "$(TARGET_NAME)";
				SWIFT_VERSION = 4.0;
				TARGETED_DEVICE_FAMILY = "1,2";
			};
			name = Debug;
		};
		2845158D20B3528F009F3EE1 /* Release */ = {
			isa = XCBuildConfiguration;
			buildSettings = {
				ASSETCATALOG_COMPILER_APPICON_NAME = AppIcon;
				CODE_SIGN_STYLE = Automatic;
				DEVELOPMENT_TEAM = 5NHDC5EV44;
				INFOPLIST_FILE = Gdpr/Info.plist;
				LD_RUNPATH_SEARCH_PATHS = (
					"$(inherited)",
					"@executable_path/Frameworks",
				);
				PRODUCT_BUNDLE_IDENTIFIER = ro.imagin.Gdpr;
				PRODUCT_NAME = "$(TARGET_NAME)";
				SWIFT_VERSION = 4.0;
				TARGETED_DEVICE_FAMILY = "1,2";
			};
			name = Release;
		};
/* End XCBuildConfiguration section */

/* Begin XCConfigurationList section */
		2845157420B3528B009F3EE1 /* Build configuration list for PBXProject "Gdpr" */ = {
			isa = XCConfigurationList;
			buildConfigurations = (
				2845158920B3528F009F3EE1 /* Debug */,
				2845158A20B3528F009F3EE1 /* Release */,
			);
			defaultConfigurationIsVisible = 0;
			defaultConfigurationName = Release;
		};
		2845158B20B3528F009F3EE1 /* Build configuration list for PBXNativeTarget "Gdpr" */ = {
			isa = XCConfigurationList;
			buildConfigurations = (
				2845158C20B3528F009F3EE1 /* Debug */,
				2845158D20B3528F009F3EE1 /* Release */,
			);
			defaultConfigurationIsVisible = 0;
			defaultConfigurationName = Release;
		};
/* End XCConfigurationList section */
	};
	rootObject = 2845157120B3528B009F3EE1 /* Project object */;
}
